// !$*UTF8*$!
{
	archiveVersion = 1;
	classes = {
	};
	objectVersion = 50;
	objects = {

/* Begin PBXBuildFile section */
		69815C26222787A400F475F9 /* MainViewController.swift in Sources */ = {isa = PBXBuildFile; fileRef = 69815C25222787A400F475F9 /* MainViewController.swift */; };
		69815C2822278D8500F475F9 /* AddViewController.swift in Sources */ = {isa = PBXBuildFile; fileRef = 69815C2722278D8500F475F9 /* AddViewController.swift */; };
		69815C2A22278DA800F475F9 /* SettingsViewController.swift in Sources */ = {isa = PBXBuildFile; fileRef = 69815C2922278DA800F475F9 /* SettingsViewController.swift */; };
		69815C2D222794B100F475F9 /* HNPopSegue.swift in Sources */ = {isa = PBXBuildFile; fileRef = 69815C2C222794B100F475F9 /* HNPopSegue.swift */; };
		69815C2F2227959F00F475F9 /* HNDismissSegue.swift in Sources */ = {isa = PBXBuildFile; fileRef = 69815C2E2227959F00F475F9 /* HNDismissSegue.swift */; };
		69815C382227A94E00F475F9 /* InfoPlist.strings in Resources */ = {isa = PBXBuildFile; fileRef = 69815C3A2227A94E00F475F9 /* InfoPlist.strings */; };
		69815C3D2227BB6E00F475F9 /* HNFormat.swift in Sources */ = {isa = PBXBuildFile; fileRef = 69815C3C2227BB6E00F475F9 /* HNFormat.swift */; };
		69815C402227BD0900F475F9 /* Localizable.strings in Resources */ = {isa = PBXBuildFile; fileRef = 69815C422227BD0900F475F9 /* Localizable.strings */; };
		69B1F17D22266544006479F9 /* AppDelegate.swift in Sources */ = {isa = PBXBuildFile; fileRef = 69B1F17C22266544006479F9 /* AppDelegate.swift */; };
		69B1F18422266544006479F9 /* Main.storyboard in Resources */ = {isa = PBXBuildFile; fileRef = 69B1F18222266544006479F9 /* Main.storyboard */; };
		69B1F18622266545006479F9 /* Assets.xcassets in Resources */ = {isa = PBXBuildFile; fileRef = 69B1F18522266545006479F9 /* Assets.xcassets */; };
		69B1F18922266545006479F9 /* LaunchScreen.storyboard in Resources */ = {isa = PBXBuildFile; fileRef = 69B1F18722266545006479F9 /* LaunchScreen.storyboard */; };
/* End PBXBuildFile section */

/* Begin PBXFileReference section */
		69815C25222787A400F475F9 /* MainViewController.swift */ = {isa = PBXFileReference; lastKnownFileType = sourcecode.swift; path = MainViewController.swift; sourceTree = "<group>"; };
		69815C2722278D8500F475F9 /* AddViewController.swift */ = {isa = PBXFileReference; lastKnownFileType = sourcecode.swift; path = AddViewController.swift; sourceTree = "<group>"; };
		69815C2922278DA800F475F9 /* SettingsViewController.swift */ = {isa = PBXFileReference; lastKnownFileType = sourcecode.swift; path = SettingsViewController.swift; sourceTree = "<group>"; };
		69815C2C222794B100F475F9 /* HNPopSegue.swift */ = {isa = PBXFileReference; lastKnownFileType = sourcecode.swift; path = HNPopSegue.swift; sourceTree = "<group>"; };
		69815C2E2227959F00F475F9 /* HNDismissSegue.swift */ = {isa = PBXFileReference; lastKnownFileType = sourcecode.swift; path = HNDismissSegue.swift; sourceTree = "<group>"; };
		69815C302227A2B000F475F9 /* zh-Hans */ = {isa = PBXFileReference; lastKnownFileType = text.plist.strings; name = "zh-Hans"; path = "zh-Hans.lproj/LaunchScreen.strings"; sourceTree = "<group>"; };
		69815C312227A2B000F475F9 /* zh-Hans */ = {isa = PBXFileReference; lastKnownFileType = text.plist.strings; name = "zh-Hans"; path = "zh-Hans.lproj/Main.strings"; sourceTree = "<group>"; };
		69815C342227A39400F475F9 /* en */ = {isa = PBXFileReference; lastKnownFileType = text.plist.strings; name = en; path = en.lproj/LaunchScreen.strings; sourceTree = "<group>"; };
		69815C352227A39400F475F9 /* en */ = {isa = PBXFileReference; lastKnownFileType = text.plist.strings; name = en; path = en.lproj/Main.strings; sourceTree = "<group>"; };
		69815C392227A94E00F475F9 /* en */ = {isa = PBXFileReference; lastKnownFileType = text.plist.strings; name = en; path = en.lproj/InfoPlist.strings; sourceTree = "<group>"; };
		69815C3B2227A95000F475F9 /* zh-Hans */ = {isa = PBXFileReference; lastKnownFileType = text.plist.strings; name = "zh-Hans"; path = "zh-Hans.lproj/InfoPlist.strings"; sourceTree = "<group>"; };
		69815C3C2227BB6E00F475F9 /* HNFormat.swift */ = {isa = PBXFileReference; lastKnownFileType = sourcecode.swift; path = HNFormat.swift; sourceTree = "<group>"; };
		69815C412227BD0900F475F9 /* en */ = {isa = PBXFileReference; lastKnownFileType = text.plist.strings; name = en; path = en.lproj/Localizable.strings; sourceTree = "<group>"; };
		69815C432227BD0B00F475F9 /* zh-Hans */ = {isa = PBXFileReference; lastKnownFileType = text.plist.strings; name = "zh-Hans"; path = "zh-Hans.lproj/Localizable.strings"; sourceTree = "<group>"; };
		69B1F17922266544006479F9 /* HolterNotes.app */ = {isa = PBXFileReference; explicitFileType = wrapper.application; includeInIndex = 0; path = HolterNotes.app; sourceTree = BUILT_PRODUCTS_DIR; };
		69B1F17C22266544006479F9 /* AppDelegate.swift */ = {isa = PBXFileReference; lastKnownFileType = sourcecode.swift; path = AppDelegate.swift; sourceTree = "<group>"; };
		69B1F18322266544006479F9 /* Base */ = {isa = PBXFileReference; lastKnownFileType = file.storyboard; name = Base; path = Base.lproj/Main.storyboard; sourceTree = "<group>"; };
		69B1F18522266545006479F9 /* Assets.xcassets */ = {isa = PBXFileReference; lastKnownFileType = folder.assetcatalog; path = Assets.xcassets; sourceTree = "<group>"; };
		69B1F18822266545006479F9 /* Base */ = {isa = PBXFileReference; lastKnownFileType = file.storyboard; name = Base; path = Base.lproj/LaunchScreen.storyboard; sourceTree = "<group>"; };
		69B1F18A22266545006479F9 /* Info.plist */ = {isa = PBXFileReference; lastKnownFileType = text.plist.xml; path = Info.plist; sourceTree = "<group>"; };
/* End PBXFileReference section */

/* Begin PBXFrameworksBuildPhase section */
		69B1F17622266544006479F9 /* Frameworks */ = {
			isa = PBXFrameworksBuildPhase;
			buildActionMask = 2147483647;
			files = (
			);
			runOnlyForDeploymentPostprocessing = 0;
		};
/* End PBXFrameworksBuildPhase section */

/* Begin PBXGroup section */
		69815C242227871500F475F9 /* Controllers */ = {
			isa = PBXGroup;
			children = (
				69815C25222787A400F475F9 /* MainViewController.swift */,
				69815C2722278D8500F475F9 /* AddViewController.swift */,
				69815C2922278DA800F475F9 /* SettingsViewController.swift */,
			);
			path = Controllers;
			sourceTree = "<group>";
		};
		69815C2B222794A200F475F9 /* Utils */ = {
			isa = PBXGroup;
			children = (
				69815C2C222794B100F475F9 /* HNPopSegue.swift */,
				69815C2E2227959F00F475F9 /* HNDismissSegue.swift */,
				69815C3C2227BB6E00F475F9 /* HNFormat.swift */,
			);
			path = Utils;
			sourceTree = "<group>";
		};
		69B1F17022266544006479F9 = {
			isa = PBXGroup;
			children = (
				69B1F17B22266544006479F9 /* HolterNotes */,
				69B1F17A22266544006479F9 /* Products */,
			);
			sourceTree = "<group>";
		};
		69B1F17A22266544006479F9 /* Products */ = {
			isa = PBXGroup;
			children = (
				69B1F17922266544006479F9 /* HolterNotes.app */,
			);
			name = Products;
			sourceTree = "<group>";
		};
		69B1F17B22266544006479F9 /* HolterNotes */ = {
			isa = PBXGroup;
			children = (
				69815C2B222794A200F475F9 /* Utils */,
				69815C242227871500F475F9 /* Controllers */,
				69B1F18A22266545006479F9 /* Info.plist */,
				69B1F17C22266544006479F9 /* AppDelegate.swift */,
				69B1F18522266545006479F9 /* Assets.xcassets */,
				69B1F18722266545006479F9 /* LaunchScreen.storyboard */,
				69B1F18222266544006479F9 /* Main.storyboard */,
				69815C3A2227A94E00F475F9 /* InfoPlist.strings */,
				69815C422227BD0900F475F9 /* Localizable.strings */,
			);
			path = HolterNotes;
			sourceTree = "<group>";
		};
/* End PBXGroup section */

/* Begin PBXNativeTarget section */
		69B1F17822266544006479F9 /* HolterNotes */ = {
			isa = PBXNativeTarget;
			buildConfigurationList = 69B1F18D22266545006479F9 /* Build configuration list for PBXNativeTarget "HolterNotes" */;
			buildPhases = (
				69B1F17522266544006479F9 /* Sources */,
				69B1F17622266544006479F9 /* Frameworks */,
				69B1F17722266544006479F9 /* Resources */,
			);
			buildRules = (
			);
			dependencies = (
			);
			name = HolterNotes;
			productName = HolterNotes;
			productReference = 69B1F17922266544006479F9 /* HolterNotes.app */;
			productType = "com.apple.product-type.application";
		};
/* End PBXNativeTarget section */

/* Begin PBXProject section */
		69B1F17122266544006479F9 /* Project object */ = {
			isa = PBXProject;
			attributes = {
				LastSwiftUpdateCheck = 1010;
				LastUpgradeCheck = 1010;
				ORGANIZATIONNAME = "Yanke Guo";
				TargetAttributes = {
					69B1F17822266544006479F9 = {
						CreatedOnToolsVersion = 10.1;
					};
				};
			};
			buildConfigurationList = 69B1F17422266544006479F9 /* Build configuration list for PBXProject "HolterNotes" */;
			compatibilityVersion = "Xcode 9.3";
			developmentRegion = en;
			hasScannedForEncodings = 0;
			knownRegions = (
				Base,
				"zh-Hans",
			);
			mainGroup = 69B1F17022266544006479F9;
			productRefGroup = 69B1F17A22266544006479F9 /* Products */;
			projectDirPath = "";
			projectRoot = "";
			targets = (
				69B1F17822266544006479F9 /* HolterNotes */,
			);
		};
/* End PBXProject section */

/* Begin PBXResourcesBuildPhase section */
		69B1F17722266544006479F9 /* Resources */ = {
			isa = PBXResourcesBuildPhase;
			buildActionMask = 2147483647;
			files = (
				69B1F18922266545006479F9 /* LaunchScreen.storyboard in Resources */,
				69815C382227A94E00F475F9 /* InfoPlist.strings in Resources */,
				69815C402227BD0900F475F9 /* Localizable.strings in Resources */,
				69B1F18622266545006479F9 /* Assets.xcassets in Resources */,
				69B1F18422266544006479F9 /* Main.storyboard in Resources */,
			);
			runOnlyForDeploymentPostprocessing = 0;
		};
/* End PBXResourcesBuildPhase section */

/* Begin PBXSourcesBuildPhase section */
		69B1F17522266544006479F9 /* Sources */ = {
			isa = PBXSourcesBuildPhase;
			buildActionMask = 2147483647;
			files = (
				69815C2D222794B100F475F9 /* HNPopSegue.swift in Sources */,
				69B1F17D22266544006479F9 /* AppDelegate.swift in Sources */,
				69815C3D2227BB6E00F475F9 /* HNFormat.swift in Sources */,
				69815C26222787A400F475F9 /* MainViewController.swift in Sources */,
				69815C2822278D8500F475F9 /* AddViewController.swift in Sources */,
				69815C2F2227959F00F475F9 /* HNDismissSegue.swift in Sources */,
				69815C2A22278DA800F475F9 /* SettingsViewController.swift in Sources */,
			);
			runOnlyForDeploymentPostprocessing = 0;
		};
/* End PBXSourcesBuildPhase section */

/* Begin PBXVariantGroup section */
		69815C3A2227A94E00F475F9 /* InfoPlist.strings */ = {
			isa = PBXVariantGroup;
			children = (
				69815C392227A94E00F475F9 /* en */,
				69815C3B2227A95000F475F9 /* zh-Hans */,
			);
			name = InfoPlist.strings;
			sourceTree = "<group>";
		};
		69815C422227BD0900F475F9 /* Localizable.strings */ = {
			isa = PBXVariantGroup;
			children = (
				69815C412227BD0900F475F9 /* en */,
				69815C432227BD0B00F475F9 /* zh-Hans */,
			);
			name = Localizable.strings;
			sourceTree = "<group>";
		};
		69B1F18222266544006479F9 /* Main.storyboard */ = {
			isa = PBXVariantGroup;
			children = (
				69B1F18322266544006479F9 /* Base */,
				69815C312227A2B000F475F9 /* zh-Hans */,
				69815C352227A39400F475F9 /* en */,
			);
			name = Main.storyboard;
			sourceTree = "<group>";
		};
		69B1F18722266545006479F9 /* LaunchScreen.storyboard */ = {
			isa = PBXVariantGroup;
			children = (
				69B1F18822266545006479F9 /* Base */,
				69815C302227A2B000F475F9 /* zh-Hans */,
				69815C342227A39400F475F9 /* en */,
			);
			name = LaunchScreen.storyboard;
			sourceTree = "<group>";
		};
/* End PBXVariantGroup section */

/* Begin XCBuildConfiguration section */
		69B1F18B22266545006479F9 /* Debug */ = {
			isa = XCBuildConfiguration;
			buildSettings = {
				ALWAYS_SEARCH_USER_PATHS = NO;
				CLANG_ANALYZER_LOCALIZABILITY_NONLOCALIZED = YES;
				CLANG_ANALYZER_NONNULL = YES;
				CLANG_ANALYZER_NUMBER_OBJECT_CONVERSION = YES_AGGRESSIVE;
				CLANG_CXX_LANGUAGE_STANDARD = "gnu++14";
				CLANG_CXX_LIBRARY = "libc++";
				CLANG_ENABLE_MODULES = YES;
				CLANG_ENABLE_OBJC_ARC = YES;
				CLANG_ENABLE_OBJC_WEAK = YES;
				CLANG_WARN_BLOCK_CAPTURE_AUTORELEASING = YES;
				CLANG_WARN_BOOL_CONVERSION = YES;
				CLANG_WARN_COMMA = YES;
				CLANG_WARN_CONSTANT_CONVERSION = YES;
				CLANG_WARN_DEPRECATED_OBJC_IMPLEMENTATIONS = YES;
				CLANG_WARN_DIRECT_OBJC_ISA_USAGE = YES_ERROR;
				CLANG_WARN_DOCUMENTATION_COMMENTS = YES;
				CLANG_WARN_EMPTY_BODY = YES;
				CLANG_WARN_ENUM_CONVERSION = YES;
				CLANG_WARN_INFINITE_RECURSION = YES;
				CLANG_WARN_INT_CONVERSION = YES;
				CLANG_WARN_NON_LITERAL_NULL_CONVERSION = YES;
				CLANG_WARN_OBJC_IMPLICIT_RETAIN_SELF = YES;
				CLANG_WARN_OBJC_LITERAL_CONVERSION = YES;
				CLANG_WARN_OBJC_ROOT_CLASS = YES_ERROR;
				CLANG_WARN_RANGE_LOOP_ANALYSIS = YES;
				CLANG_WARN_STRICT_PROTOTYPES = YES;
				CLANG_WARN_SUSPICIOUS_MOVE = YES;
				CLANG_WARN_UNGUARDED_AVAILABILITY = YES_AGGRESSIVE;
				CLANG_WARN_UNREACHABLE_CODE = YES;
				CLANG_WARN__DUPLICATE_METHOD_MATCH = YES;
				CODE_SIGN_IDENTITY = "iPhone Developer";
				COPY_PHASE_STRIP = NO;
				DEBUG_INFORMATION_FORMAT = dwarf;
				ENABLE_STRICT_OBJC_MSGSEND = YES;
				ENABLE_TESTABILITY = YES;
				GCC_C_LANGUAGE_STANDARD = gnu11;
				GCC_DYNAMIC_NO_PIC = NO;
				GCC_NO_COMMON_BLOCKS = YES;
				GCC_OPTIMIZATION_LEVEL = 0;
				GCC_PREPROCESSOR_DEFINITIONS = (
					"DEBUG=1",
					"$(inherited)",
				);
				GCC_WARN_64_TO_32_BIT_CONVERSION = YES;
				GCC_WARN_ABOUT_RETURN_TYPE = YES_ERROR;
				GCC_WARN_UNDECLARED_SELECTOR = YES;
				GCC_WARN_UNINITIALIZED_AUTOS = YES_AGGRESSIVE;
				GCC_WARN_UNUSED_FUNCTION = YES;
				GCC_WARN_UNUSED_VARIABLE = YES;
				IPHONEOS_DEPLOYMENT_TARGET = 12.1;
				MTL_ENABLE_DEBUG_INFO = INCLUDE_SOURCE;
				MTL_FAST_MATH = YES;
				ONLY_ACTIVE_ARCH = YES;
				SDKROOT = iphoneos;
				SWIFT_ACTIVE_COMPILATION_CONDITIONS = DEBUG;
				SWIFT_OPTIMIZATION_LEVEL = "-Onone";
			};
			name = Debug;
		};
		69B1F18C22266545006479F9 /* Release */ = {
			isa = XCBuildConfiguration;
			buildSettings = {
				ALWAYS_SEARCH_USER_PATHS = NO;
				CLANG_ANALYZER_LOCALIZABILITY_NONLOCALIZED = YES;
				CLANG_ANALYZER_NONNULL = YES;
				CLANG_ANALYZER_NUMBER_OBJECT_CONVERSION = YES_AGGRESSIVE;
				CLANG_CXX_LANGUAGE_STANDARD = "gnu++14";
				CLANG_CXX_LIBRARY = "libc++";
				CLANG_ENABLE_MODULES = YES;
				CLANG_ENABLE_OBJC_ARC = YES;
				CLANG_ENABLE_OBJC_WEAK = YES;
				CLANG_WARN_BLOCK_CAPTURE_AUTORELEASING = YES;
				CLANG_WARN_BOOL_CONVERSION = YES;
				CLANG_WARN_COMMA = YES;
				CLANG_WARN_CONSTANT_CONVERSION = YES;
				CLANG_WARN_DEPRECATED_OBJC_IMPLEMENTATIONS = YES;
				CLANG_WARN_DIRECT_OBJC_ISA_USAGE = YES_ERROR;
				CLANG_WARN_DOCUMENTATION_COMMENTS = YES;
				CLANG_WARN_EMPTY_BODY = YES;
				CLANG_WARN_ENUM_CONVERSION = YES;
				CLANG_WARN_INFINITE_RECURSION = YES;
				CLANG_WARN_INT_CONVERSION = YES;
				CLANG_WARN_NON_LITERAL_NULL_CONVERSION = YES;
				CLANG_WARN_OBJC_IMPLICIT_RETAIN_SELF = YES;
				CLANG_WARN_OBJC_LITERAL_CONVERSION = YES;
				CLANG_WARN_OBJC_ROOT_CLASS = YES_ERROR;
				CLANG_WARN_RANGE_LOOP_ANALYSIS = YES;
				CLANG_WARN_STRICT_PROTOTYPES = YES;
				CLANG_WARN_SUSPICIOUS_MOVE = YES;
				CLANG_WARN_UNGUARDED_AVAILABILITY = YES_AGGRESSIVE;
				CLANG_WARN_UNREACHABLE_CODE = YES;
				CLANG_WARN__DUPLICATE_METHOD_MATCH = YES;
				CODE_SIGN_IDENTITY = "iPhone Developer";
				COPY_PHASE_STRIP = NO;
				DEBUG_INFORMATION_FORMAT = "dwarf-with-dsym";
				ENABLE_NS_ASSERTIONS = NO;
				ENABLE_STRICT_OBJC_MSGSEND = YES;
				GCC_C_LANGUAGE_STANDARD = gnu11;
				GCC_NO_COMMON_BLOCKS = YES;
				GCC_WARN_64_TO_32_BIT_CONVERSION = YES;
				GCC_WARN_ABOUT_RETURN_TYPE = YES_ERROR;
				GCC_WARN_UNDECLARED_SELECTOR = YES;
				GCC_WARN_UNINITIALIZED_AUTOS = YES_AGGRESSIVE;
				GCC_WARN_UNUSED_FUNCTION = YES;
				GCC_WARN_UNUSED_VARIABLE = YES;
				IPHONEOS_DEPLOYMENT_TARGET = 12.1;
				MTL_ENABLE_DEBUG_INFO = NO;
				MTL_FAST_MATH = YES;
				SDKROOT = iphoneos;
				SWIFT_COMPILATION_MODE = wholemodule;
				SWIFT_OPTIMIZATION_LEVEL = "-O";
				VALIDATE_PRODUCT = YES;
			};
			name = Release;
		};
		69B1F18E22266545006479F9 /* Debug */ = {
			isa = XCBuildConfiguration;
			buildSettings = {
				ASSETCATALOG_COMPILER_APPICON_NAME = AppIcon;
				CODE_SIGN_STYLE = Automatic;
				DEVELOPMENT_TEAM = 328MP925VE;
				INFOPLIST_FILE = HolterNotes/Info.plist;
				IPHONEOS_DEPLOYMENT_TARGET = 11.0;
				LD_RUNPATH_SEARCH_PATHS = (
					"$(inherited)",
					"@executable_path/Frameworks",
				);
				PRODUCT_BUNDLE_IDENTIFIER = net.landzero.HolterNotes;
				PRODUCT_NAME = "$(TARGET_NAME)";
				SWIFT_VERSION = 4.2;
				TARGETED_DEVICE_FAMILY = 1;
			};
			name = Debug;
		};
		69B1F18F22266545006479F9 /* Release */ = {
			isa = XCBuildConfiguration;
			buildSettings = {
				ASSETCATALOG_COMPILER_APPICON_NAME = AppIcon;
				CODE_SIGN_STYLE = Automatic;
				DEVELOPMENT_TEAM = 328MP925VE;
				INFOPLIST_FILE = HolterNotes/Info.plist;
				IPHONEOS_DEPLOYMENT_TARGET = 11.0;
				LD_RUNPATH_SEARCH_PATHS = (
					"$(inherited)",
					"@executable_path/Frameworks",
				);
				PRODUCT_BUNDLE_IDENTIFIER = net.landzero.HolterNotes;
				PRODUCT_NAME = "$(TARGET_NAME)";
				SWIFT_VERSION = 4.2;
				TARGETED_DEVICE_FAMILY = 1;
			};
			name = Release;
		};
/* End XCBuildConfiguration section */

/* Begin XCConfigurationList section */
		69B1F17422266544006479F9 /* Build configuration list for PBXProject "HolterNotes" */ = {
			isa = XCConfigurationList;
			buildConfigurations = (
				69B1F18B22266545006479F9 /* Debug */,
				69B1F18C22266545006479F9 /* Release */,
			);
			defaultConfigurationIsVisible = 0;
			defaultConfigurationName = Release;
		};
		69B1F18D22266545006479F9 /* Build configuration list for PBXNativeTarget "HolterNotes" */ = {
			isa = XCConfigurationList;
			buildConfigurations = (
				69B1F18E22266545006479F9 /* Debug */,
				69B1F18F22266545006479F9 /* Release */,
			);
			defaultConfigurationIsVisible = 0;
			defaultConfigurationName = Release;
		};
/* End XCConfigurationList section */
	};
	rootObject = 69B1F17122266544006479F9 /* Project object */;
}
